// !$*UTF8*$!
{
	archiveVersion = 1;
	classes = {
	};
	objectVersion = 46;
	objects = {

/* Begin PBXBuildFile section */
		0041B89B1B8BBCFF00E0D845 /* Checkpoint.swift in Sources */ = {isa = PBXBuildFile; fileRef = 0041B8991B8BBCFF00E0D845 /* Checkpoint.swift */; };
		0041B89C1B8BBCFF00E0D845 /* Hunt.swift in Sources */ = {isa = PBXBuildFile; fileRef = 0041B89A1B8BBCFF00E0D845 /* Hunt.swift */; };
		00A308DE1B8EB61A0039C858 /* LocationService.swift in Sources */ = {isa = PBXBuildFile; fileRef = 00A308DD1B8EB6190039C858 /* LocationService.swift */; };
		3E3EAAC11B8BBE6D00905F8B /* HuntCell.swift in Sources */ = {isa = PBXBuildFile; fileRef = 3E3EAAC01B8BBE6D00905F8B /* HuntCell.swift */; };
		3E3EAAC31B8BBE7700905F8B /* CheckpointCell.swift in Sources */ = {isa = PBXBuildFile; fileRef = 3E3EAAC21B8BBE7700905F8B /* CheckpointCell.swift */; };
		3E3EAAC71B8BBE8C00905F8B /* HuntPlayerViewController.swift in Sources */ = {isa = PBXBuildFile; fileRef = 3E3EAAC61B8BBE8C00905F8B /* HuntPlayerViewController.swift */; };
		3E3EAAC91B8BBE9200905F8B /* HuntListViewController.swift in Sources */ = {isa = PBXBuildFile; fileRef = 3E3EAAC81B8BBE9200905F8B /* HuntListViewController.swift */; };
		3E3EAACB1B8BBF3600905F8B /* Keys.swift in Sources */ = {isa = PBXBuildFile; fileRef = 3E3EAACA1B8BBF3600905F8B /* Keys.swift */; };
		3E3EAAD31B8BE74400905F8B /* Main.storyboard in Resources */ = {isa = PBXBuildFile; fileRef = 3E3EAAD11B8BE74400905F8B /* Main.storyboard */; };
		3E3EAAD51B8CCBD500905F8B /* PlayerMapViewController.swift in Sources */ = {isa = PBXBuildFile; fileRef = 3E3EAAD41B8CCBD500905F8B /* PlayerMapViewController.swift */; };
		4C717A931B8B8F9F00D176FF /* Bolts.framework in Frameworks */ = {isa = PBXBuildFile; fileRef = 4C717A911B8B8F9F00D176FF /* Bolts.framework */; };
		4C717A941B8B8F9F00D176FF /* Parse.framework in Frameworks */ = {isa = PBXBuildFile; fileRef = 4C717A921B8B8F9F00D176FF /* Parse.framework */; };
		4C717A971B8B8FFA00D176FF /* AudioToolbox.framework in Frameworks */ = {isa = PBXBuildFile; fileRef = 4C717A961B8B8FFA00D176FF /* AudioToolbox.framework */; };
		4C717A991B8B900D00D176FF /* CFNetwork.framework in Frameworks */ = {isa = PBXBuildFile; fileRef = 4C717A981B8B900D00D176FF /* CFNetwork.framework */; };
		4C717A9B1B8B901400D176FF /* CoreGraphics.framework in Frameworks */ = {isa = PBXBuildFile; fileRef = 4C717A9A1B8B901400D176FF /* CoreGraphics.framework */; };
		4C717A9D1B8B901A00D176FF /* CoreLocation.framework in Frameworks */ = {isa = PBXBuildFile; fileRef = 4C717A9C1B8B901A00D176FF /* CoreLocation.framework */; };
		4C717A9F1B8B902000D176FF /* QuartzCore.framework in Frameworks */ = {isa = PBXBuildFile; fileRef = 4C717A9E1B8B902000D176FF /* QuartzCore.framework */; };
		4C717AA11B8B902800D176FF /* Security.framework in Frameworks */ = {isa = PBXBuildFile; fileRef = 4C717AA01B8B902800D176FF /* Security.framework */; };
		4C717AA31B8B902E00D176FF /* StoreKit.framework in Frameworks */ = {isa = PBXBuildFile; fileRef = 4C717AA21B8B902E00D176FF /* StoreKit.framework */; };
		4C717AA51B8B903600D176FF /* SystemConfiguration.framework in Frameworks */ = {isa = PBXBuildFile; fileRef = 4C717AA41B8B903600D176FF /* SystemConfiguration.framework */; };
		4C717AA71B8B904000D176FF /* libz.dylib in Frameworks */ = {isa = PBXBuildFile; fileRef = 4C717AA61B8B904000D176FF /* libz.dylib */; };
		4C717AA91B8B904A00D176FF /* libsqlite3.dylib in Frameworks */ = {isa = PBXBuildFile; fileRef = 4C717AA81B8B904A00D176FF /* libsqlite3.dylib */; };
		4C717AAB1B8B905700D176FF /* Accounts.framework in Frameworks */ = {isa = PBXBuildFile; fileRef = 4C717AAA1B8B905700D176FF /* Accounts.framework */; };
		4C717AAD1B8B905D00D176FF /* Social.framework in Frameworks */ = {isa = PBXBuildFile; fileRef = 4C717AAC1B8B905D00D176FF /* Social.framework */; };
		4C717AB11B8B953900D176FF /* ParseService.swift in Sources */ = {isa = PBXBuildFile; fileRef = 4C717AB01B8B953900D176FF /* ParseService.swift */; };
		4C9410F41B88DE3B00CAE08B /* AppDelegate.swift in Sources */ = {isa = PBXBuildFile; fileRef = 4C9410F31B88DE3B00CAE08B /* AppDelegate.swift */; };
		4C9410F91B88DE3B00CAE08B /* (null) in Resources */ = {isa = PBXBuildFile; };
		4C9410FB1B88DE3B00CAE08B /* Images.xcassets in Resources */ = {isa = PBXBuildFile; fileRef = 4C9410FA1B88DE3B00CAE08B /* Images.xcassets */; };
		4C9410FE1B88DE3B00CAE08B /* LaunchScreen.xib in Resources */ = {isa = PBXBuildFile; fileRef = 4C9410FC1B88DE3B00CAE08B /* LaunchScreen.xib */; };
		4C94110A1B88DE3B00CAE08B /* ScavengerTests.swift in Sources */ = {isa = PBXBuildFile; fileRef = 4C9411091B88DE3B00CAE08B /* ScavengerTests.swift */; };
		4CB012671B8BDB05005AA7F4 /* ParseServiceTests.swift in Sources */ = {isa = PBXBuildFile; fileRef = 4CB012661B8BDB05005AA7F4 /* ParseServiceTests.swift */; };
		4CB8B4661B8CC28700959136 /* CheckpointAdderViewController.swift in Sources */ = {isa = PBXBuildFile; fileRef = 4CB8B4641B8CC28700959136 /* CheckpointAdderViewController.swift */; };
		4CB8B4671B8CC28700959136 /* CheckpointCreatorViewController.swift in Sources */ = {isa = PBXBuildFile; fileRef = 4CB8B4651B8CC28700959136 /* CheckpointCreatorViewController.swift */; };
		4CB8B4691B8CC6C300959136 /* ErrorAlertHandler.swift in Sources */ = {isa = PBXBuildFile; fileRef = 4CB8B4681B8CC6C300959136 /* ErrorAlertHandler.swift */; };
		4CB8B46B1B8CCADF00959136 /* Extensions.swift in Sources */ = {isa = PBXBuildFile; fileRef = 4CB8B46A1B8CCADF00959136 /* Extensions.swift */; };
		4CEE7D4C1B8EC7B500F31A13 /* GooglePlacesService.swift in Sources */ = {isa = PBXBuildFile; fileRef = 4CEE7D4B1B8EC7B500F31A13 /* GooglePlacesService.swift */; };
		4CEE7D4E1B8EEE8B00F31A13 /* MyHuntsViewController.swift in Sources */ = {isa = PBXBuildFile; fileRef = 4CEE7D4D1B8EEE8B00F31A13 /* MyHuntsViewController.swift */; };
		4CEE7D501B8EF2A900F31A13 /* MyHuntTableViewCell.swift in Sources */ = {isa = PBXBuildFile; fileRef = 4CEE7D4F1B8EF2A900F31A13 /* MyHuntTableViewCell.swift */; };
		4CEE7D521B8EF2D000F31A13 /* MyHuntTableViewCell.xib in Resources */ = {isa = PBXBuildFile; fileRef = 4CEE7D511B8EF2D000F31A13 /* MyHuntTableViewCell.xib */; };
		4CEE7D541B8FA32600F31A13 /* ParseUI.framework in Frameworks */ = {isa = PBXBuildFile; fileRef = 4CEE7D531B8FA32600F31A13 /* ParseUI.framework */; };
		4CEE7D561B8FB04600F31A13 /* User.swift in Sources */ = {isa = PBXBuildFile; fileRef = 4CEE7D551B8FB04600F31A13 /* User.swift */; };
		6D27DDD91D24F2DCC84B52E8 /* libPods.a in Frameworks */ = {isa = PBXBuildFile; fileRef = 4D5308C7A509D7087AE25BBE /* libPods.a */; };
/* End PBXBuildFile section */

/* Begin PBXContainerItemProxy section */
		4C9411041B88DE3B00CAE08B /* PBXContainerItemProxy */ = {
			isa = PBXContainerItemProxy;
			containerPortal = 4C9410E61B88DE3B00CAE08B /* Project object */;
			proxyType = 1;
			remoteGlobalIDString = 4C9410ED1B88DE3B00CAE08B;
			remoteInfo = Scavenger;
		};
/* End PBXContainerItemProxy section */

/* Begin PBXFileReference section */
		0041B8991B8BBCFF00E0D845 /* Checkpoint.swift */ = {isa = PBXFileReference; fileEncoding = 4; lastKnownFileType = sourcecode.swift; path = Checkpoint.swift; sourceTree = "<group>"; };
		0041B89A1B8BBCFF00E0D845 /* Hunt.swift */ = {isa = PBXFileReference; fileEncoding = 4; lastKnownFileType = sourcecode.swift; path = Hunt.swift; sourceTree = "<group>"; };
		00A308DD1B8EB6190039C858 /* LocationService.swift */ = {isa = PBXFileReference; fileEncoding = 4; lastKnownFileType = sourcecode.swift; path = LocationService.swift; sourceTree = "<group>"; };
		0F3BE94274D242241F859BB9 /* Pods.debug.xcconfig */ = {isa = PBXFileReference; includeInIndex = 1; lastKnownFileType = text.xcconfig; name = Pods.debug.xcconfig; path = "Pods/Target Support Files/Pods/Pods.debug.xcconfig"; sourceTree = "<group>"; };
		3E3EAAC01B8BBE6D00905F8B /* HuntCell.swift */ = {isa = PBXFileReference; fileEncoding = 4; lastKnownFileType = sourcecode.swift; path = HuntCell.swift; sourceTree = "<group>"; };
		3E3EAAC21B8BBE7700905F8B /* CheckpointCell.swift */ = {isa = PBXFileReference; fileEncoding = 4; lastKnownFileType = sourcecode.swift; path = CheckpointCell.swift; sourceTree = "<group>"; };
		3E3EAAC61B8BBE8C00905F8B /* HuntPlayerViewController.swift */ = {isa = PBXFileReference; fileEncoding = 4; lastKnownFileType = sourcecode.swift; path = HuntPlayerViewController.swift; sourceTree = "<group>"; };
		3E3EAAC81B8BBE9200905F8B /* HuntListViewController.swift */ = {isa = PBXFileReference; fileEncoding = 4; lastKnownFileType = sourcecode.swift; path = HuntListViewController.swift; sourceTree = "<group>"; };
		3E3EAACA1B8BBF3600905F8B /* Keys.swift */ = {isa = PBXFileReference; fileEncoding = 4; lastKnownFileType = sourcecode.swift; path = Keys.swift; sourceTree = "<group>"; };
		3E3EAAD21B8BE74400905F8B /* Base */ = {isa = PBXFileReference; lastKnownFileType = file.storyboard; name = Base; path = Base.lproj/Main.storyboard; sourceTree = "<group>"; };
		3E3EAAD41B8CCBD500905F8B /* PlayerMapViewController.swift */ = {isa = PBXFileReference; fileEncoding = 4; lastKnownFileType = sourcecode.swift; path = PlayerMapViewController.swift; sourceTree = "<group>"; };
		4C717A911B8B8F9F00D176FF /* Bolts.framework */ = {isa = PBXFileReference; lastKnownFileType = wrapper.framework; path = Bolts.framework; sourceTree = "<group>"; };
		4C717A921B8B8F9F00D176FF /* Parse.framework */ = {isa = PBXFileReference; lastKnownFileType = wrapper.framework; path = Parse.framework; sourceTree = "<group>"; };
		4C717A961B8B8FFA00D176FF /* AudioToolbox.framework */ = {isa = PBXFileReference; lastKnownFileType = wrapper.framework; name = AudioToolbox.framework; path = System/Library/Frameworks/AudioToolbox.framework; sourceTree = SDKROOT; };
		4C717A981B8B900D00D176FF /* CFNetwork.framework */ = {isa = PBXFileReference; lastKnownFileType = wrapper.framework; name = CFNetwork.framework; path = System/Library/Frameworks/CFNetwork.framework; sourceTree = SDKROOT; };
		4C717A9A1B8B901400D176FF /* CoreGraphics.framework */ = {isa = PBXFileReference; lastKnownFileType = wrapper.framework; name = CoreGraphics.framework; path = System/Library/Frameworks/CoreGraphics.framework; sourceTree = SDKROOT; };
		4C717A9C1B8B901A00D176FF /* CoreLocation.framework */ = {isa = PBXFileReference; lastKnownFileType = wrapper.framework; name = CoreLocation.framework; path = System/Library/Frameworks/CoreLocation.framework; sourceTree = SDKROOT; };
		4C717A9E1B8B902000D176FF /* QuartzCore.framework */ = {isa = PBXFileReference; lastKnownFileType = wrapper.framework; name = QuartzCore.framework; path = System/Library/Frameworks/QuartzCore.framework; sourceTree = SDKROOT; };
		4C717AA01B8B902800D176FF /* Security.framework */ = {isa = PBXFileReference; lastKnownFileType = wrapper.framework; name = Security.framework; path = System/Library/Frameworks/Security.framework; sourceTree = SDKROOT; };
		4C717AA21B8B902E00D176FF /* StoreKit.framework */ = {isa = PBXFileReference; lastKnownFileType = wrapper.framework; name = StoreKit.framework; path = System/Library/Frameworks/StoreKit.framework; sourceTree = SDKROOT; };
		4C717AA41B8B903600D176FF /* SystemConfiguration.framework */ = {isa = PBXFileReference; lastKnownFileType = wrapper.framework; name = SystemConfiguration.framework; path = System/Library/Frameworks/SystemConfiguration.framework; sourceTree = SDKROOT; };
		4C717AA61B8B904000D176FF /* libz.dylib */ = {isa = PBXFileReference; lastKnownFileType = "compiled.mach-o.dylib"; name = libz.dylib; path = usr/lib/libz.dylib; sourceTree = SDKROOT; };
		4C717AA81B8B904A00D176FF /* libsqlite3.dylib */ = {isa = PBXFileReference; lastKnownFileType = "compiled.mach-o.dylib"; name = libsqlite3.dylib; path = usr/lib/libsqlite3.dylib; sourceTree = SDKROOT; };
		4C717AAA1B8B905700D176FF /* Accounts.framework */ = {isa = PBXFileReference; lastKnownFileType = wrapper.framework; name = Accounts.framework; path = System/Library/Frameworks/Accounts.framework; sourceTree = SDKROOT; };
		4C717AAC1B8B905D00D176FF /* Social.framework */ = {isa = PBXFileReference; lastKnownFileType = wrapper.framework; name = Social.framework; path = System/Library/Frameworks/Social.framework; sourceTree = SDKROOT; };
		4C717AB01B8B953900D176FF /* ParseService.swift */ = {isa = PBXFileReference; fileEncoding = 4; lastKnownFileType = sourcecode.swift; name = ParseService.swift; path = ../ParseService.swift; sourceTree = "<group>"; };
		4C9410EE1B88DE3B00CAE08B /* Scavenger.app */ = {isa = PBXFileReference; explicitFileType = wrapper.application; includeInIndex = 0; path = Scavenger.app; sourceTree = BUILT_PRODUCTS_DIR; };
		4C9410F21B88DE3B00CAE08B /* Info.plist */ = {isa = PBXFileReference; lastKnownFileType = text.plist.xml; path = Info.plist; sourceTree = "<group>"; };
		4C9410F31B88DE3B00CAE08B /* AppDelegate.swift */ = {isa = PBXFileReference; lastKnownFileType = sourcecode.swift; path = AppDelegate.swift; sourceTree = "<group>"; };
		4C9410FA1B88DE3B00CAE08B /* Images.xcassets */ = {isa = PBXFileReference; lastKnownFileType = folder.assetcatalog; path = Images.xcassets; sourceTree = "<group>"; };
		4C9410FD1B88DE3B00CAE08B /* Base */ = {isa = PBXFileReference; lastKnownFileType = file.xib; name = Base; path = Base.lproj/LaunchScreen.xib; sourceTree = "<group>"; };
		4C9411031B88DE3B00CAE08B /* ScavengerTests.xctest */ = {isa = PBXFileReference; explicitFileType = wrapper.cfbundle; includeInIndex = 0; path = ScavengerTests.xctest; sourceTree = BUILT_PRODUCTS_DIR; };
		4C9411081B88DE3B00CAE08B /* Info.plist */ = {isa = PBXFileReference; lastKnownFileType = text.plist.xml; path = Info.plist; sourceTree = "<group>"; };
		4C9411091B88DE3B00CAE08B /* ScavengerTests.swift */ = {isa = PBXFileReference; lastKnownFileType = sourcecode.swift; path = ScavengerTests.swift; sourceTree = "<group>"; };
		4CB012651B8BD2F5005AA7F4 /* Objective-CBridgingHeader.h */ = {isa = PBXFileReference; lastKnownFileType = sourcecode.c.h; path = "Objective-CBridgingHeader.h"; sourceTree = "<group>"; };
		4CB012661B8BDB05005AA7F4 /* ParseServiceTests.swift */ = {isa = PBXFileReference; fileEncoding = 4; lastKnownFileType = sourcecode.swift; name = ParseServiceTests.swift; path = ../Scavenger/ParseServiceTests.swift; sourceTree = "<group>"; };
		4CB8B4641B8CC28700959136 /* CheckpointAdderViewController.swift */ = {isa = PBXFileReference; fileEncoding = 4; lastKnownFileType = sourcecode.swift; path = CheckpointAdderViewController.swift; sourceTree = "<group>"; };
		4CB8B4651B8CC28700959136 /* CheckpointCreatorViewController.swift */ = {isa = PBXFileReference; fileEncoding = 4; lastKnownFileType = sourcecode.swift; path = CheckpointCreatorViewController.swift; sourceTree = "<group>"; };
		4CB8B4681B8CC6C300959136 /* ErrorAlertHandler.swift */ = {isa = PBXFileReference; fileEncoding = 4; lastKnownFileType = sourcecode.swift; path = ErrorAlertHandler.swift; sourceTree = "<group>"; };
		4CB8B46A1B8CCADF00959136 /* Extensions.swift */ = {isa = PBXFileReference; fileEncoding = 4; lastKnownFileType = sourcecode.swift; path = Extensions.swift; sourceTree = "<group>"; };
		4CEE7D4B1B8EC7B500F31A13 /* GooglePlacesService.swift */ = {isa = PBXFileReference; fileEncoding = 4; lastKnownFileType = sourcecode.swift; path = GooglePlacesService.swift; sourceTree = "<group>"; };
		4CEE7D4D1B8EEE8B00F31A13 /* MyHuntsViewController.swift */ = {isa = PBXFileReference; fileEncoding = 4; lastKnownFileType = sourcecode.swift; path = MyHuntsViewController.swift; sourceTree = "<group>"; };
		4CEE7D4F1B8EF2A900F31A13 /* MyHuntTableViewCell.swift */ = {isa = PBXFileReference; fileEncoding = 4; lastKnownFileType = sourcecode.swift; path = MyHuntTableViewCell.swift; sourceTree = "<group>"; };
		4CEE7D511B8EF2D000F31A13 /* MyHuntTableViewCell.xib */ = {isa = PBXFileReference; fileEncoding = 4; lastKnownFileType = file.xib; path = MyHuntTableViewCell.xib; sourceTree = "<group>"; };
		4CEE7D531B8FA32600F31A13 /* ParseUI.framework */ = {isa = PBXFileReference; lastKnownFileType = wrapper.framework; path = ParseUI.framework; sourceTree = "<group>"; };
		4CEE7D551B8FB04600F31A13 /* User.swift */ = {isa = PBXFileReference; fileEncoding = 4; lastKnownFileType = sourcecode.swift; path = User.swift; sourceTree = "<group>"; };
		4D5308C7A509D7087AE25BBE /* libPods.a */ = {isa = PBXFileReference; explicitFileType = archive.ar; includeInIndex = 0; path = libPods.a; sourceTree = BUILT_PRODUCTS_DIR; };
		552F1D898A88B4D9BF452023 /* Pods.release.xcconfig */ = {isa = PBXFileReference; includeInIndex = 1; lastKnownFileType = text.xcconfig; name = Pods.release.xcconfig; path = "Pods/Target Support Files/Pods/Pods.release.xcconfig"; sourceTree = "<group>"; };
/* End PBXFileReference section */

/* Begin PBXFrameworksBuildPhase section */
		4C9410EB1B88DE3B00CAE08B /* Frameworks */ = {
			isa = PBXFrameworksBuildPhase;
			buildActionMask = 2147483647;
			files = (
				4C717AAD1B8B905D00D176FF /* Social.framework in Frameworks */,
				4C717AAB1B8B905700D176FF /* Accounts.framework in Frameworks */,
				4C717AA91B8B904A00D176FF /* libsqlite3.dylib in Frameworks */,
				4C717AA71B8B904000D176FF /* libz.dylib in Frameworks */,
				4C717AA51B8B903600D176FF /* SystemConfiguration.framework in Frameworks */,
				4C717AA31B8B902E00D176FF /* StoreKit.framework in Frameworks */,
				4CEE7D541B8FA32600F31A13 /* ParseUI.framework in Frameworks */,
				4C717AA11B8B902800D176FF /* Security.framework in Frameworks */,
				4C717A9F1B8B902000D176FF /* QuartzCore.framework in Frameworks */,
				4C717A9D1B8B901A00D176FF /* CoreLocation.framework in Frameworks */,
				4C717A9B1B8B901400D176FF /* CoreGraphics.framework in Frameworks */,
				4C717A991B8B900D00D176FF /* CFNetwork.framework in Frameworks */,
				4C717A971B8B8FFA00D176FF /* AudioToolbox.framework in Frameworks */,
				4C717A941B8B8F9F00D176FF /* Parse.framework in Frameworks */,
				4C717A931B8B8F9F00D176FF /* Bolts.framework in Frameworks */,
				6D27DDD91D24F2DCC84B52E8 /* libPods.a in Frameworks */,
			);
			runOnlyForDeploymentPostprocessing = 0;
		};
		4C9411001B88DE3B00CAE08B /* Frameworks */ = {
			isa = PBXFrameworksBuildPhase;
			buildActionMask = 2147483647;
			files = (
			);
			runOnlyForDeploymentPostprocessing = 0;
		};
/* End PBXFrameworksBuildPhase section */

/* Begin PBXGroup section */
		4C483CC31B8CFE3B007B9215 /* Model */ = {
			isa = PBXGroup;
			children = (
				4CEE7D4B1B8EC7B500F31A13 /* GooglePlacesService.swift */,
				4C717AB01B8B953900D176FF /* ParseService.swift */,
				0041B8991B8BBCFF00E0D845 /* Checkpoint.swift */,
				0041B89A1B8BBCFF00E0D845 /* Hunt.swift */,
				4CB8B4681B8CC6C300959136 /* ErrorAlertHandler.swift */,
				4CEE7D551B8FB04600F31A13 /* User.swift */,
			);
			name = Model;
			sourceTree = "<group>";
		};
		4C483CC41B8CFE54007B9215 /* View */ = {
			isa = PBXGroup;
			children = (
				4CEE7D4F1B8EF2A900F31A13 /* MyHuntTableViewCell.swift */,
				4CEE7D511B8EF2D000F31A13 /* MyHuntTableViewCell.xib */,
				3E3EAAC01B8BBE6D00905F8B /* HuntCell.swift */,
				3E3EAAC21B8BBE7700905F8B /* CheckpointCell.swift */,
			);
			name = View;
			sourceTree = "<group>";
		};
		4C483CC51B8CFE6D007B9215 /* Controller */ = {
			isa = PBXGroup;
			children = (
				4CEE7D4D1B8EEE8B00F31A13 /* MyHuntsViewController.swift */,
				3E3EAAC81B8BBE9200905F8B /* HuntListViewController.swift */,
				3E3EAAD41B8CCBD500905F8B /* PlayerMapViewController.swift */,
				3E3EAAC61B8BBE8C00905F8B /* HuntPlayerViewController.swift */,
				4CB8B4641B8CC28700959136 /* CheckpointAdderViewController.swift */,
				4CB8B4651B8CC28700959136 /* CheckpointCreatorViewController.swift */,
			);
			name = Controller;
			sourceTree = "<group>";
		};
		4C717A951B8B8FA900D176FF /* Frameworks */ = {
			isa = PBXGroup;
			children = (
				4CEE7D531B8FA32600F31A13 /* ParseUI.framework */,
				4C717AA81B8B904A00D176FF /* libsqlite3.dylib */,
				4C717AA61B8B904000D176FF /* libz.dylib */,
				4C717AAC1B8B905D00D176FF /* Social.framework */,
				4C717AAA1B8B905700D176FF /* Accounts.framework */,
				4C717AA41B8B903600D176FF /* SystemConfiguration.framework */,
				4C717AA21B8B902E00D176FF /* StoreKit.framework */,
				4C717AA01B8B902800D176FF /* Security.framework */,
				4C717A9E1B8B902000D176FF /* QuartzCore.framework */,
				4C717A9C1B8B901A00D176FF /* CoreLocation.framework */,
				4C717A9A1B8B901400D176FF /* CoreGraphics.framework */,
				4C717A981B8B900D00D176FF /* CFNetwork.framework */,
				4C717A961B8B8FFA00D176FF /* AudioToolbox.framework */,
				4C717A911B8B8F9F00D176FF /* Bolts.framework */,
				4C717A921B8B8F9F00D176FF /* Parse.framework */,
			);
			name = Frameworks;
			sourceTree = "<group>";
		};
		4C9410E51B88DE3B00CAE08B = {
			isa = PBXGroup;
			children = (
				4C9410F01B88DE3B00CAE08B /* Scavenger */,
				4C9411061B88DE3B00CAE08B /* ScavengerTests */,
				4C9410EF1B88DE3B00CAE08B /* Products */,
				9C1441CCEFEF27EEDD87AF48 /* Pods */,
				9CF1A09B1919325D9ED04E6C /* Frameworks */,
			);
			sourceTree = "<group>";
		};
		4C9410EF1B88DE3B00CAE08B /* Products */ = {
			isa = PBXGroup;
			children = (
				4C9410EE1B88DE3B00CAE08B /* Scavenger.app */,
				4C9411031B88DE3B00CAE08B /* ScavengerTests.xctest */,
			);
			name = Products;
			sourceTree = "<group>";
		};
		4C9410F01B88DE3B00CAE08B /* Scavenger */ = {
			isa = PBXGroup;
			children = (
				4C9410F31B88DE3B00CAE08B /* AppDelegate.swift */,
				3E3EAAD11B8BE74400905F8B /* Main.storyboard */,
				4C483CC31B8CFE3B007B9215 /* Model */,
				3E3EAACA1B8BBF3600905F8B /* Keys.swift */,
				4C483CC41B8CFE54007B9215 /* View */,
				4C483CC51B8CFE6D007B9215 /* Controller */,
				00A308DD1B8EB6190039C858 /* LocationService.swift */,
				4CB8B46A1B8CCADF00959136 /* Extensions.swift */,
				4C9410FA1B88DE3B00CAE08B /* Images.xcassets */,
				4C9410FC1B88DE3B00CAE08B /* LaunchScreen.xib */,
				4C717A951B8B8FA900D176FF /* Frameworks */,
				4C9410F11B88DE3B00CAE08B /* Supporting Files */,
			);
			path = Scavenger;
			sourceTree = "<group>";
		};
		4C9410F11B88DE3B00CAE08B /* Supporting Files */ = {
			isa = PBXGroup;
			children = (
				4C9410F21B88DE3B00CAE08B /* Info.plist */,
				4CB012651B8BD2F5005AA7F4 /* Objective-CBridgingHeader.h */,
			);
			name = "Supporting Files";
			sourceTree = "<group>";
		};
		4C9411061B88DE3B00CAE08B /* ScavengerTests */ = {
			isa = PBXGroup;
			children = (
				4CB012661B8BDB05005AA7F4 /* ParseServiceTests.swift */,
				4C9411091B88DE3B00CAE08B /* ScavengerTests.swift */,
				4C9411071B88DE3B00CAE08B /* Supporting Files */,
			);
			path = ScavengerTests;
			sourceTree = "<group>";
		};
		4C9411071B88DE3B00CAE08B /* Supporting Files */ = {
			isa = PBXGroup;
			children = (
				4C9411081B88DE3B00CAE08B /* Info.plist */,
			);
			name = "Supporting Files";
			sourceTree = "<group>";
		};
		9C1441CCEFEF27EEDD87AF48 /* Pods */ = {
			isa = PBXGroup;
			children = (
				0F3BE94274D242241F859BB9 /* Pods.debug.xcconfig */,
				552F1D898A88B4D9BF452023 /* Pods.release.xcconfig */,
			);
			name = Pods;
			sourceTree = "<group>";
		};
		9CF1A09B1919325D9ED04E6C /* Frameworks */ = {
			isa = PBXGroup;
			children = (
				4D5308C7A509D7087AE25BBE /* libPods.a */,
			);
			name = Frameworks;
			sourceTree = "<group>";
		};
/* End PBXGroup section */

/* Begin PBXNativeTarget section */
		4C9410ED1B88DE3B00CAE08B /* Scavenger */ = {
			isa = PBXNativeTarget;
			buildConfigurationList = 4C94110D1B88DE3B00CAE08B /* Build configuration list for PBXNativeTarget "Scavenger" */;
			buildPhases = (
				797B66073365B44DCADA2667 /* Check Pods Manifest.lock */,
				4C9410EA1B88DE3B00CAE08B /* Sources */,
				4C9410EB1B88DE3B00CAE08B /* Frameworks */,
				4C9410EC1B88DE3B00CAE08B /* Resources */,
				B90718ABD9355C78E05937EB /* Copy Pods Resources */,
			);
			buildRules = (
			);
			dependencies = (
			);
			name = Scavenger;
			productName = Scavenger;
			productReference = 4C9410EE1B88DE3B00CAE08B /* Scavenger.app */;
			productType = "com.apple.product-type.application";
		};
		4C9411021B88DE3B00CAE08B /* ScavengerTests */ = {
			isa = PBXNativeTarget;
			buildConfigurationList = 4C9411101B88DE3B00CAE08B /* Build configuration list for PBXNativeTarget "ScavengerTests" */;
			buildPhases = (
				4C9410FF1B88DE3B00CAE08B /* Sources */,
				4C9411001B88DE3B00CAE08B /* Frameworks */,
				4C9411011B88DE3B00CAE08B /* Resources */,
			);
			buildRules = (
			);
			dependencies = (
				4C9411051B88DE3B00CAE08B /* PBXTargetDependency */,
			);
			name = ScavengerTests;
			productName = ScavengerTests;
			productReference = 4C9411031B88DE3B00CAE08B /* ScavengerTests.xctest */;
			productType = "com.apple.product-type.bundle.unit-test";
		};
/* End PBXNativeTarget section */

/* Begin PBXProject section */
		4C9410E61B88DE3B00CAE08B /* Project object */ = {
			isa = PBXProject;
			attributes = {
				LastSwiftUpdateCheck = 0700;
				LastUpgradeCheck = 0640;
				ORGANIZATIONNAME = "Chris Budro";
				TargetAttributes = {
					4C9410ED1B88DE3B00CAE08B = {
						CreatedOnToolsVersion = 6.4;
					};
					4C9411021B88DE3B00CAE08B = {
						CreatedOnToolsVersion = 6.4;
						TestTargetID = 4C9410ED1B88DE3B00CAE08B;
					};
				};
			};
			buildConfigurationList = 4C9410E91B88DE3B00CAE08B /* Build configuration list for PBXProject "Scavenger" */;
			compatibilityVersion = "Xcode 3.2";
			developmentRegion = English;
			hasScannedForEncodings = 0;
			knownRegions = (
				en,
				Base,
			);
			mainGroup = 4C9410E51B88DE3B00CAE08B;
			productRefGroup = 4C9410EF1B88DE3B00CAE08B /* Products */;
			projectDirPath = "";
			projectRoot = "";
			targets = (
				4C9410ED1B88DE3B00CAE08B /* Scavenger */,
				4C9411021B88DE3B00CAE08B /* ScavengerTests */,
			);
		};
/* End PBXProject section */

/* Begin PBXResourcesBuildPhase section */
		4C9410EC1B88DE3B00CAE08B /* Resources */ = {
			isa = PBXResourcesBuildPhase;
			buildActionMask = 2147483647;
			files = (
				4C9410F91B88DE3B00CAE08B /* (null) in Resources */,
				4CEE7D521B8EF2D000F31A13 /* MyHuntTableViewCell.xib in Resources */,
				3E3EAAD31B8BE74400905F8B /* Main.storyboard in Resources */,
				4C9410FE1B88DE3B00CAE08B /* LaunchScreen.xib in Resources */,
				4C9410FB1B88DE3B00CAE08B /* Images.xcassets in Resources */,
			);
			runOnlyForDeploymentPostprocessing = 0;
		};
		4C9411011B88DE3B00CAE08B /* Resources */ = {
			isa = PBXResourcesBuildPhase;
			buildActionMask = 2147483647;
			files = (
			);
			runOnlyForDeploymentPostprocessing = 0;
		};
/* End PBXResourcesBuildPhase section */

/* Begin PBXShellScriptBuildPhase section */
		797B66073365B44DCADA2667 /* Check Pods Manifest.lock */ = {
			isa = PBXShellScriptBuildPhase;
			buildActionMask = 2147483647;
			files = (
			);
			inputPaths = (
			);
			name = "Check Pods Manifest.lock";
			outputPaths = (
			);
			runOnlyForDeploymentPostprocessing = 0;
			shellPath = /bin/sh;
			shellScript = "diff \"${PODS_ROOT}/../Podfile.lock\" \"${PODS_ROOT}/Manifest.lock\" > /dev/null\nif [[ $? != 0 ]] ; then\n    cat << EOM\nerror: The sandbox is not in sync with the Podfile.lock. Run 'pod install' or update your CocoaPods installation.\nEOM\n    exit 1\nfi\n";
			showEnvVarsInLog = 0;
		};
		B90718ABD9355C78E05937EB /* Copy Pods Resources */ = {
			isa = PBXShellScriptBuildPhase;
			buildActionMask = 2147483647;
			files = (
			);
			inputPaths = (
			);
			name = "Copy Pods Resources";
			outputPaths = (
			);
			runOnlyForDeploymentPostprocessing = 0;
			shellPath = /bin/sh;
			shellScript = "\"${SRCROOT}/Pods/Target Support Files/Pods/Pods-resources.sh\"\n";
			showEnvVarsInLog = 0;
		};
/* End PBXShellScriptBuildPhase section */

/* Begin PBXSourcesBuildPhase section */
		4C9410EA1B88DE3B00CAE08B /* Sources */ = {
			isa = PBXSourcesBuildPhase;
			buildActionMask = 2147483647;
			files = (
				0041B89C1B8BBCFF00E0D845 /* Hunt.swift in Sources */,
				3E3EAAD51B8CCBD500905F8B /* PlayerMapViewController.swift in Sources */,
				3E3EAAC11B8BBE6D00905F8B /* HuntCell.swift in Sources */,
				4CEE7D501B8EF2A900F31A13 /* MyHuntTableViewCell.swift in Sources */,
				4CB8B4691B8CC6C300959136 /* ErrorAlertHandler.swift in Sources */,
				4CB8B4661B8CC28700959136 /* CheckpointAdderViewController.swift in Sources */,
				3E3EAACB1B8BBF3600905F8B /* Keys.swift in Sources */,
				3E3EAAC91B8BBE9200905F8B /* HuntListViewController.swift in Sources */,
				4C717AB11B8B953900D176FF /* ParseService.swift in Sources */,
				4CEE7D4E1B8EEE8B00F31A13 /* MyHuntsViewController.swift in Sources */,
				4C9410F41B88DE3B00CAE08B /* AppDelegate.swift in Sources */,
				00A308DE1B8EB61A0039C858 /* LocationService.swift in Sources */,
				4CEE7D4C1B8EC7B500F31A13 /* GooglePlacesService.swift in Sources */,
				0041B89B1B8BBCFF00E0D845 /* Checkpoint.swift in Sources */,
				3E3EAAC71B8BBE8C00905F8B /* HuntPlayerViewController.swift in Sources */,
				4CB8B4671B8CC28700959136 /* CheckpointCreatorViewController.swift in Sources */,
				3E3EAAC31B8BBE7700905F8B /* CheckpointCell.swift in Sources */,
				4CB8B46B1B8CCADF00959136 /* Extensions.swift in Sources */,
				4CEE7D561B8FB04600F31A13 /* User.swift in Sources */,
			);
			runOnlyForDeploymentPostprocessing = 0;
		};
		4C9410FF1B88DE3B00CAE08B /* Sources */ = {
			isa = PBXSourcesBuildPhase;
			buildActionMask = 2147483647;
			files = (
				4C94110A1B88DE3B00CAE08B /* ScavengerTests.swift in Sources */,
				4CB012671B8BDB05005AA7F4 /* ParseServiceTests.swift in Sources */,
			);
			runOnlyForDeploymentPostprocessing = 0;
		};
/* End PBXSourcesBuildPhase section */

/* Begin PBXTargetDependency section */
		4C9411051B88DE3B00CAE08B /* PBXTargetDependency */ = {
			isa = PBXTargetDependency;
			target = 4C9410ED1B88DE3B00CAE08B /* Scavenger */;
			targetProxy = 4C9411041B88DE3B00CAE08B /* PBXContainerItemProxy */;
		};
/* End PBXTargetDependency section */

/* Begin PBXVariantGroup section */
		3E3EAAD11B8BE74400905F8B /* Main.storyboard */ = {
			isa = PBXVariantGroup;
			children = (
				3E3EAAD21B8BE74400905F8B /* Base */,
			);
			name = Main.storyboard;
			sourceTree = "<group>";
		};
		4C9410FC1B88DE3B00CAE08B /* LaunchScreen.xib */ = {
			isa = PBXVariantGroup;
			children = (
				4C9410FD1B88DE3B00CAE08B /* Base */,
			);
			name = LaunchScreen.xib;
			sourceTree = "<group>";
		};
/* End PBXVariantGroup section */

/* Begin XCBuildConfiguration section */
		4C94110B1B88DE3B00CAE08B /* Debug */ = {
			isa = XCBuildConfiguration;
			buildSettings = {
				ALWAYS_SEARCH_USER_PATHS = NO;
				CLANG_CXX_LANGUAGE_STANDARD = "gnu++0x";
				CLANG_CXX_LIBRARY = "libc++";
				CLANG_ENABLE_MODULES = YES;
				CLANG_ENABLE_OBJC_ARC = YES;
				CLANG_WARN_BOOL_CONVERSION = YES;
				CLANG_WARN_CONSTANT_CONVERSION = YES;
				CLANG_WARN_DIRECT_OBJC_ISA_USAGE = YES_ERROR;
				CLANG_WARN_EMPTY_BODY = YES;
				CLANG_WARN_ENUM_CONVERSION = YES;
				CLANG_WARN_INT_CONVERSION = YES;
				CLANG_WARN_OBJC_ROOT_CLASS = YES_ERROR;
				CLANG_WARN_UNREACHABLE_CODE = YES;
				CLANG_WARN__DUPLICATE_METHOD_MATCH = YES;
				"CODE_SIGN_IDENTITY[sdk=iphoneos*]" = "iPhone Developer";
				COPY_PHASE_STRIP = NO;
				DEBUG_INFORMATION_FORMAT = "dwarf-with-dsym";
				ENABLE_STRICT_OBJC_MSGSEND = YES;
				GCC_C_LANGUAGE_STANDARD = gnu99;
				GCC_DYNAMIC_NO_PIC = NO;
				GCC_NO_COMMON_BLOCKS = YES;
				GCC_OPTIMIZATION_LEVEL = 0;
				GCC_PREPROCESSOR_DEFINITIONS = (
					"DEBUG=1",
					"$(inherited)",
				);
				GCC_SYMBOLS_PRIVATE_EXTERN = NO;
				GCC_WARN_64_TO_32_BIT_CONVERSION = YES;
				GCC_WARN_ABOUT_RETURN_TYPE = YES_ERROR;
				GCC_WARN_UNDECLARED_SELECTOR = YES;
				GCC_WARN_UNINITIALIZED_AUTOS = YES_AGGRESSIVE;
				GCC_WARN_UNUSED_FUNCTION = YES;
				GCC_WARN_UNUSED_VARIABLE = YES;
				IPHONEOS_DEPLOYMENT_TARGET = 8.4;
				MTL_ENABLE_DEBUG_INFO = YES;
				ONLY_ACTIVE_ARCH = YES;
				SDKROOT = iphoneos;
				SWIFT_OBJC_BRIDGING_HEADER = "";
				SWIFT_OPTIMIZATION_LEVEL = "-Onone";
				TARGETED_DEVICE_FAMILY = "1,2";
			};
			name = Debug;
		};
		4C94110C1B88DE3B00CAE08B /* Release */ = {
			isa = XCBuildConfiguration;
			buildSettings = {
				ALWAYS_SEARCH_USER_PATHS = NO;
				CLANG_CXX_LANGUAGE_STANDARD = "gnu++0x";
				CLANG_CXX_LIBRARY = "libc++";
				CLANG_ENABLE_MODULES = YES;
				CLANG_ENABLE_OBJC_ARC = YES;
				CLANG_WARN_BOOL_CONVERSION = YES;
				CLANG_WARN_CONSTANT_CONVERSION = YES;
				CLANG_WARN_DIRECT_OBJC_ISA_USAGE = YES_ERROR;
				CLANG_WARN_EMPTY_BODY = YES;
				CLANG_WARN_ENUM_CONVERSION = YES;
				CLANG_WARN_INT_CONVERSION = YES;
				CLANG_WARN_OBJC_ROOT_CLASS = YES_ERROR;
				CLANG_WARN_UNREACHABLE_CODE = YES;
				CLANG_WARN__DUPLICATE_METHOD_MATCH = YES;
				"CODE_SIGN_IDENTITY[sdk=iphoneos*]" = "iPhone Developer";
				COPY_PHASE_STRIP = NO;
				DEBUG_INFORMATION_FORMAT = "dwarf-with-dsym";
				ENABLE_NS_ASSERTIONS = NO;
				ENABLE_STRICT_OBJC_MSGSEND = YES;
				GCC_C_LANGUAGE_STANDARD = gnu99;
				GCC_NO_COMMON_BLOCKS = YES;
				GCC_WARN_64_TO_32_BIT_CONVERSION = YES;
				GCC_WARN_ABOUT_RETURN_TYPE = YES_ERROR;
				GCC_WARN_UNDECLARED_SELECTOR = YES;
				GCC_WARN_UNINITIALIZED_AUTOS = YES_AGGRESSIVE;
				GCC_WARN_UNUSED_FUNCTION = YES;
				GCC_WARN_UNUSED_VARIABLE = YES;
				IPHONEOS_DEPLOYMENT_TARGET = 8.4;
				MTL_ENABLE_DEBUG_INFO = NO;
				SDKROOT = iphoneos;
				SWIFT_OBJC_BRIDGING_HEADER = "";
				TARGETED_DEVICE_FAMILY = "1,2";
				VALIDATE_PRODUCT = YES;
			};
			name = Release;
		};
		4C94110E1B88DE3B00CAE08B /* Debug */ = {
			isa = XCBuildConfiguration;
			baseConfigurationReference = 0F3BE94274D242241F859BB9 /* Pods.debug.xcconfig */;
			buildSettings = {
				ALWAYS_SEARCH_USER_PATHS = NO;
				ASSETCATALOG_COMPILER_APPICON_NAME = AppIcon;
				FRAMEWORK_SEARCH_PATHS = (
					"$(inherited)",
					"$(PROJECT_DIR)/Scavenger",
				);
				INFOPLIST_FILE = Scavenger/Info.plist;
				LD_RUNPATH_SEARCH_PATHS = "$(inherited) @executable_path/Frameworks";
				PRODUCT_NAME = "$(TARGET_NAME)";
				SWIFT_OBJC_BRIDGING_HEADER = "Scavenger/Objective-CBridgingHeader.h";
				USER_HEADER_SEARCH_PATHS = "";
			};
			name = Debug;
		};
		4C94110F1B88DE3B00CAE08B /* Release */ = {
			isa = XCBuildConfiguration;
			baseConfigurationReference = 552F1D898A88B4D9BF452023 /* Pods.release.xcconfig */;
			buildSettings = {
				ALWAYS_SEARCH_USER_PATHS = NO;
				ASSETCATALOG_COMPILER_APPICON_NAME = AppIcon;
				FRAMEWORK_SEARCH_PATHS = (
					"$(inherited)",
					"$(PROJECT_DIR)/Scavenger",
				);
				INFOPLIST_FILE = Scavenger/Info.plist;
				LD_RUNPATH_SEARCH_PATHS = "$(inherited) @executable_path/Frameworks";
				PRODUCT_NAME = "$(TARGET_NAME)";
				SWIFT_OBJC_BRIDGING_HEADER = "Scavenger/Objective-CBridgingHeader.h";
				USER_HEADER_SEARCH_PATHS = "";
			};
			name = Release;
		};
		4C9411111B88DE3B00CAE08B /* Debug */ = {
			isa = XCBuildConfiguration;
			buildSettings = {
				ALWAYS_SEARCH_USER_PATHS = NO;
				BUNDLE_LOADER = "$(TEST_HOST)";
				FRAMEWORK_SEARCH_PATHS = (
					"$(SDKROOT)/Developer/Library/Frameworks",
					"$(inherited)",
				);
				GCC_PREPROCESSOR_DEFINITIONS = (
					"DEBUG=1",
					"$(inherited)",
				);
				INFOPLIST_FILE = ScavengerTests/Info.plist;
				LD_RUNPATH_SEARCH_PATHS = "$(inherited) @executable_path/Frameworks @loader_path/Frameworks";
				PRODUCT_NAME = "$(TARGET_NAME)";
				TEST_HOST = "$(BUILT_PRODUCTS_DIR)/Scavenger.app/Scavenger";
			};
			name = Debug;
		};
		4C9411121B88DE3B00CAE08B /* Release */ = {
			isa = XCBuildConfiguration;
			buildSettings = {
				ALWAYS_SEARCH_USER_PATHS = NO;
				BUNDLE_LOADER = "$(TEST_HOST)";
				FRAMEWORK_SEARCH_PATHS = (
					"$(SDKROOT)/Developer/Library/Frameworks",
					"$(inherited)",
				);
				INFOPLIST_FILE = ScavengerTests/Info.plist;
				LD_RUNPATH_SEARCH_PATHS = "$(inherited) @executable_path/Frameworks @loader_path/Frameworks";
				PRODUCT_NAME = "$(TARGET_NAME)";
				TEST_HOST = "$(BUILT_PRODUCTS_DIR)/Scavenger.app/Scavenger";
			};
			name = Release;
		};
/* End XCBuildConfiguration section */

/* Begin XCConfigurationList section */
		4C9410E91B88DE3B00CAE08B /* Build configuration list for PBXProject "Scavenger" */ = {
			isa = XCConfigurationList;
			buildConfigurations = (
				4C94110B1B88DE3B00CAE08B /* Debug */,
				4C94110C1B88DE3B00CAE08B /* Release */,
			);
			defaultConfigurationIsVisible = 0;
			defaultConfigurationName = Release;
		};
		4C94110D1B88DE3B00CAE08B /* Build configuration list for PBXNativeTarget "Scavenger" */ = {
			isa = XCConfigurationList;
			buildConfigurations = (
				4C94110E1B88DE3B00CAE08B /* Debug */,
				4C94110F1B88DE3B00CAE08B /* Release */,
			);
			defaultConfigurationIsVisible = 0;
			defaultConfigurationName = Release;
		};
		4C9411101B88DE3B00CAE08B /* Build configuration list for PBXNativeTarget "ScavengerTests" */ = {
			isa = XCConfigurationList;
			buildConfigurations = (
				4C9411111B88DE3B00CAE08B /* Debug */,
				4C9411121B88DE3B00CAE08B /* Release */,
			);
			defaultConfigurationIsVisible = 0;
			defaultConfigurationName = Release;
		};
/* End XCConfigurationList section */
	};
	rootObject = 4C9410E61B88DE3B00CAE08B /* Project object */;
}
